
Microsoft Visual Studio Solution File, Format Version 12.00
Project("{FAE04EC0-301F-11D3-BF4B-00C04F79EFBC}") = "apbd.9", "apbd.9\apbd.9.csproj", "{58CFEBAF-9AA9-46B4-B764-50413E39D7FC}"
EndProject
Global
	GlobalSection(SolutionConfigurationPlatforms) = preSolution
		Debug|Any CPU = Debug|Any CPU
		Release|Any CPU = Release|Any CPU
	EndGlobalSection
	GlobalSection(ProjectConfigurationPlatforms) = postSolution
		{58CFEBAF-9AA9-46B4-B764-50413E39D7FC}.Debug|Any CPU.ActiveCfg = Debug|Any CPU
		{58CFEBAF-9AA9-46B4-B764-50413E39D7FC}.Debug|Any CPU.Build.0 = Debug|Any CPU
		{58CFEBAF-9AA9-46B4-B764-50413E39D7FC}.Release|Any CPU.ActiveCfg = Release|Any CPU
		{58CFEBAF-9AA9-46B4-B764-50413E39D7FC}.Release|Any CPU.Build.0 = Release|Any CPU
	EndGlobalSection
EndGlobal
